
Microsoft Visual Studio Solution File, Format Version 12.00
# Visual Studio Version 16
VisualStudioVersion = 16.0.29613.14
MinimumVisualStudioVersion = 10.0.40219.1
Project("{FAE04EC0-301F-11D3-BF4B-00C04F79EFBC}") = "Devoir2", "Devoir2\Devoir2.csproj", "{5306C0DE-CB6B-4196-B4C3-0800E47DAE41}"
EndProject
Global
	GlobalSection(SolutionConfigurationPlatforms) = preSolution
		Debug|Any CPU = Debug|Any CPU
		Release|Any CPU = Release|Any CPU
	EndGlobalSection
	GlobalSection(ProjectConfigurationPlatforms) = postSolution
		{5306C0DE-CB6B-4196-B4C3-0800E47DAE41}.Debug|Any CPU.ActiveCfg = Debug|Any CPU
		{5306C0DE-CB6B-4196-B4C3-0800E47DAE41}.Debug|Any CPU.Build.0 = Debug|Any CPU
		{5306C0DE-CB6B-4196-B4C3-0800E47DAE41}.Release|Any CPU.ActiveCfg = Release|Any CPU
		{5306C0DE-CB6B-4196-B4C3-0800E47DAE41}.Release|Any CPU.Build.0 = Release|Any CPU
	EndGlobalSection
	GlobalSection(SolutionProperties) = preSolution
		HideSolutionNode = FALSE
	EndGlobalSection
	GlobalSection(ExtensibilityGlobals) = postSolution
		SolutionGuid = {934F2665-C84D-4984-B256-860CF490F4B9}
	EndGlobalSection
EndGlobal
